
Microsoft Visual Studio Solution File, Format Version 12.00
# Visual Studio Version 17
VisualStudioVersion = 17.1.32104.313
MinimumVisualStudioVersion = 10.0.40219.1
Project("{FAE04EC0-301F-11D3-BF4B-00C04F79EFBC}") = "ETH-CARRIER", "ETH-CARRIER.csproj", "{C661AD07-CB6E-4339-BF3B-6876D107D84E}"
EndProject
Global
	GlobalSection(SolutionConfigurationPlatforms) = preSolution
		Debug|Any CPU = Debug|Any CPU
		Release|Any CPU = Release|Any CPU
	EndGlobalSection
	GlobalSection(ProjectConfigurationPlatforms) = postSolution
		{C661AD07-CB6E-4339-BF3B-6876D107D84E}.Debug|Any CPU.ActiveCfg = Debug|Any CPU
		{C661AD07-CB6E-4339-BF3B-6876D107D84E}.Debug|Any CPU.Build.0 = Debug|Any CPU
		{C661AD07-CB6E-4339-BF3B-6876D107D84E}.Release|Any CPU.ActiveCfg = Release|Any CPU
		{C661AD07-CB6E-4339-BF3B-6876D107D84E}.Release|Any CPU.Build.0 = Release|Any CPU
	EndGlobalSection
	GlobalSection(SolutionProperties) = preSolution
		HideSolutionNode = FALSE
	EndGlobalSection
	GlobalSection(ExtensibilityGlobals) = postSolution
		SolutionGuid = {EF7B51DE-53C4-4D73-9D01-4C6F1C1F2277}
	EndGlobalSection
EndGlobal
